{
  "name": "nakama-project-template",
  "version": "0.1.0",
  "lockfileVersion": 2,
  "requires": true,
  "packages": {
    "": {
      "name": "nakama-project-template",
      "version": "0.1.0",
      "license": "Apache-2.0",
      "dependencies": {
        "nakama-runtime": "github:heroiclabs/nakama-common#master"
      },
      "devDependencies": {
        "typescript": "^4.5.4"
      }
    },
    "node_modules/nakama-runtime": {
      "version": "1.26.0",
      "resolved": "git+ssh://git@github.com/heroiclabs/nakama-common.git#05f3d089030f59bc9624c6184ef2d84e09548611",
      "license": "Apache-2.0"
    },
    "node_modules/typescript": {
      "version": "4.9.5",
      "resolved": "https://registry.npmjs.org/typescript/-/typescript-4.9.5.tgz",
      "integrity": "sha512-1FXk9E2Hm+QzZQ7z+McJiHL4NW1F2EzMu9Nq9i3zAaGqibafqYwCVU6WyWAuyQRRzOlxou8xZSyXLEN8oKj24g==",
      "dev": true,
      "bin": {
        "tsc": "bin/tsc",
        "tsserver": "bin/tsserver"
      },
      "engines": {
        "node": ">=4.2.0"
      }
    }
  },
  "dependencies": {
    "nakama-runtime": {
      "version": "git+ssh://git@github.com/heroiclabs/nakama-common.git#05f3d089030f59bc9624c6184ef2d84e09548611",
      "from": "nakama-runtime@github:heroiclabs/nakama-common#master"
    },
    "typescript": {
      "version": "4.9.5",
      "resolved": "https://registry.npmjs.org/typescript/-/typescript-4.9.5.tgz",
      "integrity": "sha512-1FXk9E2Hm+QzZQ7z+McJiHL4NW1F2EzMu9Nq9i3zAaGqibafqYwCVU6WyWAuyQRRzOlxou8xZSyXLEN8oKj24g==",
      "dev": true
    }
  }
}
